
Microsoft Visual Studio Solution File, Format Version 12.00
# Visual Studio Version 16
VisualStudioVersion = 16.0.32929.386
MinimumVisualStudioVersion = 10.0.40219.1
Project("{FAE04EC0-301F-11D3-BF4B-00C04F79EFBC}") = "SeleniumUiTests", "SeleniumUiTests\SeleniumUiTests.csproj", "{DC186BA8-1260-4D27-85B2-20B6EFCE586D}"
EndProject
Global
	GlobalSection(SolutionConfigurationPlatforms) = preSolution
		Debug|Any CPU = Debug|Any CPU
		Release|Any CPU = Release|Any CPU
	EndGlobalSection
	GlobalSection(ProjectConfigurationPlatforms) = postSolution
		{DC186BA8-1260-4D27-85B2-20B6EFCE586D}.Debug|Any CPU.ActiveCfg = Debug|Any CPU
		{DC186BA8-1260-4D27-85B2-20B6EFCE586D}.Debug|Any CPU.Build.0 = Debug|Any CPU
		{DC186BA8-1260-4D27-85B2-20B6EFCE586D}.Release|Any CPU.ActiveCfg = Release|Any CPU
		{DC186BA8-1260-4D27-85B2-20B6EFCE586D}.Release|Any CPU.Build.0 = Release|Any CPU
	EndGlobalSection
	GlobalSection(SolutionProperties) = preSolution
		HideSolutionNode = FALSE
	EndGlobalSection
	GlobalSection(ExtensibilityGlobals) = postSolution
		SolutionGuid = {60E775DF-FB3A-487F-9950-8655E7D38F78}
	EndGlobalSection
EndGlobal
